// !$*UTF8*$!
{
	archiveVersion = 1;
	classes = {
	};
	objectVersion = 51;
	objects = {

/* Begin PBXBuildFile section */
		292F95844CD74DAAF20AA688 /* Pods_JeopardyTrainerREDO.framework in Frameworks */ = {isa = PBXBuildFile; fileRef = B032C529D234F5CED5DF137F /* Pods_JeopardyTrainerREDO.framework */; };
		AE01E9C623A5BE7C00D79C2C /* AppDelegate.swift in Sources */ = {isa = PBXBuildFile; fileRef = AE01E9C523A5BE7C00D79C2C /* AppDelegate.swift */; };
		AE01E9C823A5BE7C00D79C2C /* SceneDelegate.swift in Sources */ = {isa = PBXBuildFile; fileRef = AE01E9C723A5BE7C00D79C2C /* SceneDelegate.swift */; };
		AE01E9CA23A5BE7C00D79C2C /* ViewController.swift in Sources */ = {isa = PBXBuildFile; fileRef = AE01E9C923A5BE7C00D79C2C /* ViewController.swift */; };
		AE01E9CD23A5BE7C00D79C2C /* Main.storyboard in Resources */ = {isa = PBXBuildFile; fileRef = AE01E9CB23A5BE7C00D79C2C /* Main.storyboard */; };
		AE01E9CF23A5BE7F00D79C2C /* Assets.xcassets in Resources */ = {isa = PBXBuildFile; fileRef = AE01E9CE23A5BE7F00D79C2C /* Assets.xcassets */; };
		AE01E9D223A5BE7F00D79C2C /* LaunchScreen.storyboard in Resources */ = {isa = PBXBuildFile; fileRef = AE01E9D023A5BE7F00D79C2C /* LaunchScreen.storyboard */; };
		AE01E9DA23A5BF9300D79C2C /* Category.swift in Sources */ = {isa = PBXBuildFile; fileRef = AE01E9D923A5BF9300D79C2C /* Category.swift */; };
		AE01E9DC23A5BFE500D79C2C /* Categories.swift in Sources */ = {isa = PBXBuildFile; fileRef = AE01E9DB23A5BFE500D79C2C /* Categories.swift */; };
		AE01E9DE23A5C95E00D79C2C /* Clue.swift in Sources */ = {isa = PBXBuildFile; fileRef = AE01E9DD23A5C95E00D79C2C /* Clue.swift */; };
		AE01E9E023A5C97D00D79C2C /* Clues.swift in Sources */ = {isa = PBXBuildFile; fileRef = AE01E9DF23A5C97D00D79C2C /* Clues.swift */; };
		AE61190923A5DBB100C04738 /* QuestionsViewController.swift in Sources */ = {isa = PBXBuildFile; fileRef = AE61190823A5DBB100C04738 /* QuestionsViewController.swift */; };
		AE61190B23A5E1E300C04738 /* SplashScreenViewController.swift in Sources */ = {isa = PBXBuildFile; fileRef = AE61190A23A5E1E300C04738 /* SplashScreenViewController.swift */; };
/* End PBXBuildFile section */

/* Begin PBXFileReference section */
		203600FD6008274C115E2DFF /* Pods-JeopardyTrainerREDO.release.xcconfig */ = {isa = PBXFileReference; includeInIndex = 1; lastKnownFileType = text.xcconfig; name = "Pods-JeopardyTrainerREDO.release.xcconfig"; path = "Target Support Files/Pods-JeopardyTrainerREDO/Pods-JeopardyTrainerREDO.release.xcconfig"; sourceTree = "<group>"; };
		8BBBF146BE1F1D7DAE8A6482 /* Pods-JeopardyTrainerREDO.debug.xcconfig */ = {isa = PBXFileReference; includeInIndex = 1; lastKnownFileType = text.xcconfig; name = "Pods-JeopardyTrainerREDO.debug.xcconfig"; path = "Target Support Files/Pods-JeopardyTrainerREDO/Pods-JeopardyTrainerREDO.debug.xcconfig"; sourceTree = "<group>"; };
		AE01E9C223A5BE7C00D79C2C /* JeopardyTrainerREDO.app */ = {isa = PBXFileReference; explicitFileType = wrapper.application; includeInIndex = 0; path = JeopardyTrainerREDO.app; sourceTree = BUILT_PRODUCTS_DIR; };
		AE01E9C523A5BE7C00D79C2C /* AppDelegate.swift */ = {isa = PBXFileReference; lastKnownFileType = sourcecode.swift; path = AppDelegate.swift; sourceTree = "<group>"; };
		AE01E9C723A5BE7C00D79C2C /* SceneDelegate.swift */ = {isa = PBXFileReference; lastKnownFileType = sourcecode.swift; path = SceneDelegate.swift; sourceTree = "<group>"; };
		AE01E9C923A5BE7C00D79C2C /* ViewController.swift */ = {isa = PBXFileReference; lastKnownFileType = sourcecode.swift; path = ViewController.swift; sourceTree = "<group>"; };
		AE01E9CC23A5BE7C00D79C2C /* Base */ = {isa = PBXFileReference; lastKnownFileType = file.storyboard; name = Base; path = Base.lproj/Main.storyboard; sourceTree = "<group>"; };
		AE01E9CE23A5BE7F00D79C2C /* Assets.xcassets */ = {isa = PBXFileReference; lastKnownFileType = folder.assetcatalog; path = Assets.xcassets; sourceTree = "<group>"; };
		AE01E9D123A5BE7F00D79C2C /* Base */ = {isa = PBXFileReference; lastKnownFileType = file.storyboard; name = Base; path = Base.lproj/LaunchScreen.storyboard; sourceTree = "<group>"; };
		AE01E9D323A5BE7F00D79C2C /* Info.plist */ = {isa = PBXFileReference; lastKnownFileType = text.plist.xml; path = Info.plist; sourceTree = "<group>"; };
		AE01E9D923A5BF9300D79C2C /* Category.swift */ = {isa = PBXFileReference; lastKnownFileType = sourcecode.swift; path = Category.swift; sourceTree = "<group>"; };
		AE01E9DB23A5BFE500D79C2C /* Categories.swift */ = {isa = PBXFileReference; lastKnownFileType = sourcecode.swift; path = Categories.swift; sourceTree = "<group>"; };
		AE01E9DD23A5C95E00D79C2C /* Clue.swift */ = {isa = PBXFileReference; lastKnownFileType = sourcecode.swift; path = Clue.swift; sourceTree = "<group>"; };
		AE01E9DF23A5C97D00D79C2C /* Clues.swift */ = {isa = PBXFileReference; lastKnownFileType = sourcecode.swift; path = Clues.swift; sourceTree = "<group>"; };
		AE61190823A5DBB100C04738 /* QuestionsViewController.swift */ = {isa = PBXFileReference; lastKnownFileType = sourcecode.swift; path = QuestionsViewController.swift; sourceTree = "<group>"; };
		AE61190A23A5E1E300C04738 /* SplashScreenViewController.swift */ = {isa = PBXFileReference; lastKnownFileType = sourcecode.swift; path = SplashScreenViewController.swift; sourceTree = "<group>"; };
		B032C529D234F5CED5DF137F /* Pods_JeopardyTrainerREDO.framework */ = {isa = PBXFileReference; explicitFileType = wrapper.framework; includeInIndex = 0; path = Pods_JeopardyTrainerREDO.framework; sourceTree = BUILT_PRODUCTS_DIR; };
/* End PBXFileReference section */

/* Begin PBXFrameworksBuildPhase section */
		AE01E9BF23A5BE7C00D79C2C /* Frameworks */ = {
			isa = PBXFrameworksBuildPhase;
			buildActionMask = 2147483647;
			files = (
				292F95844CD74DAAF20AA688 /* Pods_JeopardyTrainerREDO.framework in Frameworks */,
			);
			runOnlyForDeploymentPostprocessing = 0;
		};
/* End PBXFrameworksBuildPhase section */

/* Begin PBXGroup section */
		7F96C00B4B8C70DF63D4E400 /* Pods */ = {
			isa = PBXGroup;
			children = (
				8BBBF146BE1F1D7DAE8A6482 /* Pods-JeopardyTrainerREDO.debug.xcconfig */,
				203600FD6008274C115E2DFF /* Pods-JeopardyTrainerREDO.release.xcconfig */,
			);
			path = Pods;
			sourceTree = "<group>";
		};
		8D860ED52BEE3DF64E86BEBB /* Frameworks */ = {
			isa = PBXGroup;
			children = (
				B032C529D234F5CED5DF137F /* Pods_JeopardyTrainerREDO.framework */,
			);
			name = Frameworks;
			sourceTree = "<group>";
		};
		AE01E9B923A5BE7C00D79C2C = {
			isa = PBXGroup;
			children = (
				AE01E9C423A5BE7C00D79C2C /* JeopardyTrainerREDO */,
				AE01E9C323A5BE7C00D79C2C /* Products */,
				7F96C00B4B8C70DF63D4E400 /* Pods */,
				8D860ED52BEE3DF64E86BEBB /* Frameworks */,
			);
			sourceTree = "<group>";
		};
		AE01E9C323A5BE7C00D79C2C /* Products */ = {
			isa = PBXGroup;
			children = (
				AE01E9C223A5BE7C00D79C2C /* JeopardyTrainerREDO.app */,
			);
			name = Products;
			sourceTree = "<group>";
		};
		AE01E9C423A5BE7C00D79C2C /* JeopardyTrainerREDO */ = {
			isa = PBXGroup;
			children = (
				AE01E9C523A5BE7C00D79C2C /* AppDelegate.swift */,
				AE01E9C723A5BE7C00D79C2C /* SceneDelegate.swift */,
				AE01E9DD23A5C95E00D79C2C /* Clue.swift */,
				AE01E9DF23A5C97D00D79C2C /* Clues.swift */,
				AE01E9D923A5BF9300D79C2C /* Category.swift */,
				AE01E9DB23A5BFE500D79C2C /* Categories.swift */,
				AE61190823A5DBB100C04738 /* QuestionsViewController.swift */,
				AE01E9C923A5BE7C00D79C2C /* ViewController.swift */,
				AE61190A23A5E1E300C04738 /* SplashScreenViewController.swift */,
				AE01E9CB23A5BE7C00D79C2C /* Main.storyboard */,
				AE01E9CE23A5BE7F00D79C2C /* Assets.xcassets */,
				AE01E9D023A5BE7F00D79C2C /* LaunchScreen.storyboard */,
				AE01E9D323A5BE7F00D79C2C /* Info.plist */,
			);
			path = JeopardyTrainerREDO;
			sourceTree = "<group>";
		};
/* End PBXGroup section */

/* Begin PBXNativeTarget section */
		AE01E9C123A5BE7C00D79C2C /* JeopardyTrainerREDO */ = {
			isa = PBXNativeTarget;
			buildConfigurationList = AE01E9D623A5BE7F00D79C2C /* Build configuration list for PBXNativeTarget "JeopardyTrainerREDO" */;
			buildPhases = (
				90B13BF8D09DB3D9DBE120E3 /* [CP] Check Pods Manifest.lock */,
				AE01E9BE23A5BE7C00D79C2C /* Sources */,
				AE01E9BF23A5BE7C00D79C2C /* Frameworks */,
				AE01E9C023A5BE7C00D79C2C /* Resources */,
				8B6A2F3187E849A095F7942B /* [CP] Embed Pods Frameworks */,
			);
			buildRules = (
			);
			dependencies = (
			);
			name = JeopardyTrainerREDO;
			productName = JeopardyTrainerREDO;
			productReference = AE01E9C223A5BE7C00D79C2C /* JeopardyTrainerREDO.app */;
			productType = "com.apple.product-type.application";
		};
/* End PBXNativeTarget section */

/* Begin PBXProject section */
		AE01E9BA23A5BE7C00D79C2C /* Project object */ = {
			isa = PBXProject;
			attributes = {
				LastSwiftUpdateCheck = 1120;
				LastUpgradeCheck = 1120;
				ORGANIZATIONNAME = "Daniel Yang";
				TargetAttributes = {
					AE01E9C123A5BE7C00D79C2C = {
						CreatedOnToolsVersion = 11.2.1;
					};
				};
			};
			buildConfigurationList = AE01E9BD23A5BE7C00D79C2C /* Build configuration list for PBXProject "JeopardyTrainerREDO" */;
			compatibilityVersion = "Xcode 9.3";
			developmentRegion = en;
			hasScannedForEncodings = 0;
			knownRegions = (
				en,
				Base,
			);
			mainGroup = AE01E9B923A5BE7C00D79C2C;
			productRefGroup = AE01E9C323A5BE7C00D79C2C /* Products */;
			projectDirPath = "";
			projectRoot = "";
			targets = (
				AE01E9C123A5BE7C00D79C2C /* JeopardyTrainerREDO */,
			);
		};
/* End PBXProject section */

/* Begin PBXResourcesBuildPhase section */
		AE01E9C023A5BE7C00D79C2C /* Resources */ = {
			isa = PBXResourcesBuildPhase;
			buildActionMask = 2147483647;
			files = (
				AE01E9D223A5BE7F00D79C2C /* LaunchScreen.storyboard in Resources */,
				AE01E9CF23A5BE7F00D79C2C /* Assets.xcassets in Resources */,
				AE01E9CD23A5BE7C00D79C2C /* Main.storyboard in Resources */,
			);
			runOnlyForDeploymentPostprocessing = 0;
		};
/* End PBXResourcesBuildPhase section */

/* Begin PBXShellScriptBuildPhase section */
		8B6A2F3187E849A095F7942B /* [CP] Embed Pods Frameworks */ = {
			isa = PBXShellScriptBuildPhase;
			buildActionMask = 2147483647;
			files = (
			);
			inputFileListPaths = (
				"${PODS_ROOT}/Target Support Files/Pods-JeopardyTrainerREDO/Pods-JeopardyTrainerREDO-frameworks-${CONFIGURATION}-input-files.xcfilelist",
			);
			name = "[CP] Embed Pods Frameworks";
			outputFileListPaths = (
				"${PODS_ROOT}/Target Support Files/Pods-JeopardyTrainerREDO/Pods-JeopardyTrainerREDO-frameworks-${CONFIGURATION}-output-files.xcfilelist",
			);
			runOnlyForDeploymentPostprocessing = 0;
			shellPath = /bin/sh;
			shellScript = "\"${PODS_ROOT}/Target Support Files/Pods-JeopardyTrainerREDO/Pods-JeopardyTrainerREDO-frameworks.sh\"\n";
			showEnvVarsInLog = 0;
		};
		90B13BF8D09DB3D9DBE120E3 /* [CP] Check Pods Manifest.lock */ = {
			isa = PBXShellScriptBuildPhase;
			buildActionMask = 2147483647;
			files = (
			);
			inputFileListPaths = (
			);
			inputPaths = (
				"${PODS_PODFILE_DIR_PATH}/Podfile.lock",
				"${PODS_ROOT}/Manifest.lock",
			);
			name = "[CP] Check Pods Manifest.lock";
			outputFileListPaths = (
			);
			outputPaths = (
				"$(DERIVED_FILE_DIR)/Pods-JeopardyTrainerREDO-checkManifestLockResult.txt",
			);
			runOnlyForDeploymentPostprocessing = 0;
			shellPath = /bin/sh;
			shellScript = "diff \"${PODS_PODFILE_DIR_PATH}/Podfile.lock\" \"${PODS_ROOT}/Manifest.lock\" > /dev/null\nif [ $? != 0 ] ; then\n    # print error to STDERR\n    echo \"error: The sandbox is not in sync with the Podfile.lock. Run 'pod install' or update your CocoaPods installation.\" >&2\n    exit 1\nfi\n# This output is used by Xcode 'outputs' to avoid re-running this script phase.\necho \"SUCCESS\" > \"${SCRIPT_OUTPUT_FILE_0}\"\n";
			showEnvVarsInLog = 0;
		};
/* End PBXShellScriptBuildPhase section */

/* Begin PBXSourcesBuildPhase section */
		AE01E9BE23A5BE7C00D79C2C /* Sources */ = {
			isa = PBXSourcesBuildPhase;
			buildActionMask = 2147483647;
			files = (
				AE01E9CA23A5BE7C00D79C2C /* ViewController.swift in Sources */,
				AE01E9C623A5BE7C00D79C2C /* AppDelegate.swift in Sources */,
				AE61190B23A5E1E300C04738 /* SplashScreenViewController.swift in Sources */,
				AE61190923A5DBB100C04738 /* QuestionsViewController.swift in Sources */,
				AE01E9DC23A5BFE500D79C2C /* Categories.swift in Sources */,
				AE01E9C823A5BE7C00D79C2C /* SceneDelegate.swift in Sources */,
				AE01E9DE23A5C95E00D79C2C /* Clue.swift in Sources */,
				AE01E9DA23A5BF9300D79C2C /* Category.swift in Sources */,
				AE01E9E023A5C97D00D79C2C /* Clues.swift in Sources */,
			);
			runOnlyForDeploymentPostprocessing = 0;
		};
/* End PBXSourcesBuildPhase section */

/* Begin PBXVariantGroup section */
		AE01E9CB23A5BE7C00D79C2C /* Main.storyboard */ = {
			isa = PBXVariantGroup;
			children = (
				AE01E9CC23A5BE7C00D79C2C /* Base */,
			);
			name = Main.storyboard;
			sourceTree = "<group>";
		};
		AE01E9D023A5BE7F00D79C2C /* LaunchScreen.storyboard */ = {
			isa = PBXVariantGroup;
			children = (
				AE01E9D123A5BE7F00D79C2C /* Base */,
			);
			name = LaunchScreen.storyboard;
			sourceTree = "<group>";
		};
/* End PBXVariantGroup section */

/* Begin XCBuildConfiguration section */
		AE01E9D423A5BE7F00D79C2C /* Debug */ = {
			isa = XCBuildConfiguration;
			buildSettings = {
				ALWAYS_SEARCH_USER_PATHS = NO;
				CLANG_ANALYZER_NONNULL = YES;
				CLANG_ANALYZER_NUMBER_OBJECT_CONVERSION = YES_AGGRESSIVE;
				CLANG_CXX_LANGUAGE_STANDARD = "gnu++14";
				CLANG_CXX_LIBRARY = "libc++";
				CLANG_ENABLE_MODULES = YES;
				CLANG_ENABLE_OBJC_ARC = YES;
				CLANG_ENABLE_OBJC_WEAK = YES;
				CLANG_WARN_BLOCK_CAPTURE_AUTORELEASING = YES;
				CLANG_WARN_BOOL_CONVERSION = YES;
				CLANG_WARN_COMMA = YES;
				CLANG_WARN_CONSTANT_CONVERSION = YES;
				CLANG_WARN_DEPRECATED_OBJC_IMPLEMENTATIONS = YES;
				CLANG_WARN_DIRECT_OBJC_ISA_USAGE = YES_ERROR;
				CLANG_WARN_DOCUMENTATION_COMMENTS = YES;
				CLANG_WARN_EMPTY_BODY = YES;
				CLANG_WARN_ENUM_CONVERSION = YES;
				CLANG_WARN_INFINITE_RECURSION = YES;
				CLANG_WARN_INT_CONVERSION = YES;
				CLANG_WARN_NON_LITERAL_NULL_CONVERSION = YES;
				CLANG_WARN_OBJC_IMPLICIT_RETAIN_SELF = YES;
				CLANG_WARN_OBJC_LITERAL_CONVERSION = YES;
				CLANG_WARN_OBJC_ROOT_CLASS = YES_ERROR;
				CLANG_WARN_RANGE_LOOP_ANALYSIS = YES;
				CLANG_WARN_STRICT_PROTOTYPES = YES;
				CLANG_WARN_SUSPICIOUS_MOVE = YES;
				CLANG_WARN_UNGUARDED_AVAILABILITY = YES_AGGRESSIVE;
				CLANG_WARN_UNREACHABLE_CODE = YES;
				CLANG_WARN__DUPLICATE_METHOD_MATCH = YES;
				COPY_PHASE_STRIP = NO;
				DEBUG_INFORMATION_FORMAT = dwarf;
				ENABLE_STRICT_OBJC_MSGSEND = YES;
				ENABLE_TESTABILITY = YES;
				GCC_C_LANGUAGE_STANDARD = gnu11;
				GCC_DYNAMIC_NO_PIC = NO;
				GCC_NO_COMMON_BLOCKS = YES;
				GCC_OPTIMIZATION_LEVEL = 0;
				GCC_PREPROCESSOR_DEFINITIONS = (
					"DEBUG=1",
					"$(inherited)",
				);
				GCC_WARN_64_TO_32_BIT_CONVERSION = YES;
				GCC_WARN_ABOUT_RETURN_TYPE = YES_ERROR;
				GCC_WARN_UNDECLARED_SELECTOR = YES;
				GCC_WARN_UNINITIALIZED_AUTOS = YES_AGGRESSIVE;
				GCC_WARN_UNUSED_FUNCTION = YES;
				GCC_WARN_UNUSED_VARIABLE = YES;
				IPHONEOS_DEPLOYMENT_TARGET = 13.2;
				MTL_ENABLE_DEBUG_INFO = INCLUDE_SOURCE;
				MTL_FAST_MATH = YES;
				ONLY_ACTIVE_ARCH = YES;
				SDKROOT = iphoneos;
				SWIFT_ACTIVE_COMPILATION_CONDITIONS = DEBUG;
				SWIFT_OPTIMIZATION_LEVEL = "-Onone";
			};
			name = Debug;
		};
		AE01E9D523A5BE7F00D79C2C /* Release */ = {
			isa = XCBuildConfiguration;
			buildSettings = {
				ALWAYS_SEARCH_USER_PATHS = NO;
				CLANG_ANALYZER_NONNULL = YES;
				CLANG_ANALYZER_NUMBER_OBJECT_CONVERSION = YES_AGGRESSIVE;
				CLANG_CXX_LANGUAGE_STANDARD = "gnu++14";
				CLANG_CXX_LIBRARY = "libc++";
				CLANG_ENABLE_MODULES = YES;
				CLANG_ENABLE_OBJC_ARC = YES;
				CLANG_ENABLE_OBJC_WEAK = YES;
				CLANG_WARN_BLOCK_CAPTURE_AUTORELEASING = YES;
				CLANG_WARN_BOOL_CONVERSION = YES;
				CLANG_WARN_COMMA = YES;
				CLANG_WARN_CONSTANT_CONVERSION = YES;
				CLANG_WARN_DEPRECATED_OBJC_IMPLEMENTATIONS = YES;
				CLANG_WARN_DIRECT_OBJC_ISA_USAGE = YES_ERROR;
				CLANG_WARN_DOCUMENTATION_COMMENTS = YES;
				CLANG_WARN_EMPTY_BODY = YES;
				CLANG_WARN_ENUM_CONVERSION = YES;
				CLANG_WARN_INFINITE_RECURSION = YES;
				CLANG_WARN_INT_CONVERSION = YES;
				CLANG_WARN_NON_LITERAL_NULL_CONVERSION = YES;
				CLANG_WARN_OBJC_IMPLICIT_RETAIN_SELF = YES;
				CLANG_WARN_OBJC_LITERAL_CONVERSION = YES;
				CLANG_WARN_OBJC_ROOT_CLASS = YES_ERROR;
				CLANG_WARN_RANGE_LOOP_ANALYSIS = YES;
				CLANG_WARN_STRICT_PROTOTYPES = YES;
				CLANG_WARN_SUSPICIOUS_MOVE = YES;
				CLANG_WARN_UNGUARDED_AVAILABILITY = YES_AGGRESSIVE;
				CLANG_WARN_UNREACHABLE_CODE = YES;
				CLANG_WARN__DUPLICATE_METHOD_MATCH = YES;
				COPY_PHASE_STRIP = NO;
				DEBUG_INFORMATION_FORMAT = "dwarf-with-dsym";
				ENABLE_NS_ASSERTIONS = NO;
				ENABLE_STRICT_OBJC_MSGSEND = YES;
				GCC_C_LANGUAGE_STANDARD = gnu11;
				GCC_NO_COMMON_BLOCKS = YES;
				GCC_WARN_64_TO_32_BIT_CONVERSION = YES;
				GCC_WARN_ABOUT_RETURN_TYPE = YES_ERROR;
				GCC_WARN_UNDECLARED_SELECTOR = YES;
				GCC_WARN_UNINITIALIZED_AUTOS = YES_AGGRESSIVE;
				GCC_WARN_UNUSED_FUNCTION = YES;
				GCC_WARN_UNUSED_VARIABLE = YES;
				IPHONEOS_DEPLOYMENT_TARGET = 13.2;
				MTL_ENABLE_DEBUG_INFO = NO;
				MTL_FAST_MATH = YES;
				SDKROOT = iphoneos;
				SWIFT_COMPILATION_MODE = wholemodule;
				SWIFT_OPTIMIZATION_LEVEL = "-O";
				VALIDATE_PRODUCT = YES;
			};
			name = Release;
		};
		AE01E9D723A5BE7F00D79C2C /* Debug */ = {
			isa = XCBuildConfiguration;
			baseConfigurationReference = 8BBBF146BE1F1D7DAE8A6482 /* Pods-JeopardyTrainerREDO.debug.xcconfig */;
			buildSettings = {
				ASSETCATALOG_COMPILER_APPICON_NAME = AppIcon;
				CODE_SIGN_STYLE = Automatic;
				DEVELOPMENT_TEAM = 33ZTB6S9UB;
				INFOPLIST_FILE = JeopardyTrainerREDO/Info.plist;
				LD_RUNPATH_SEARCH_PATHS = (
					"$(inherited)",
					"@executable_path/Frameworks",
				);
				PRODUCT_BUNDLE_IDENTIFIER = com.yang.JeopardyTrainerREDO;
				PRODUCT_NAME = "$(TARGET_NAME)";
				SWIFT_VERSION = 5.0;
				TARGETED_DEVICE_FAMILY = "1,2";
			};
			name = Debug;
		};
		AE01E9D823A5BE7F00D79C2C /* Release */ = {
			isa = XCBuildConfiguration;
			baseConfigurationReference = 203600FD6008274C115E2DFF /* Pods-JeopardyTrainerREDO.release.xcconfig */;
			buildSettings = {
				ASSETCATALOG_COMPILER_APPICON_NAME = AppIcon;
				CODE_SIGN_STYLE = Automatic;
				DEVELOPMENT_TEAM = 33ZTB6S9UB;
				INFOPLIST_FILE = JeopardyTrainerREDO/Info.plist;
				LD_RUNPATH_SEARCH_PATHS = (
					"$(inherited)",
					"@executable_path/Frameworks",
				);
				PRODUCT_BUNDLE_IDENTIFIER = com.yang.JeopardyTrainerREDO;
				PRODUCT_NAME = "$(TARGET_NAME)";
				SWIFT_VERSION = 5.0;
				TARGETED_DEVICE_FAMILY = "1,2";
			};
			name = Release;
		};
/* End XCBuildConfiguration section */

/* Begin XCConfigurationList section */
		AE01E9BD23A5BE7C00D79C2C /* Build configuration list for PBXProject "JeopardyTrainerREDO" */ = {
			isa = XCConfigurationList;
			buildConfigurations = (
				AE01E9D423A5BE7F00D79C2C /* Debug */,
				AE01E9D523A5BE7F00D79C2C /* Release */,
			);
			defaultConfigurationIsVisible = 0;
			defaultConfigurationName = Release;
		};
		AE01E9D623A5BE7F00D79C2C /* Build configuration list for PBXNativeTarget "JeopardyTrainerREDO" */ = {
			isa = XCConfigurationList;
			buildConfigurations = (
				AE01E9D723A5BE7F00D79C2C /* Debug */,
				AE01E9D823A5BE7F00D79C2C /* Release */,
			);
			defaultConfigurationIsVisible = 0;
			defaultConfigurationName = Release;
		};
/* End XCConfigurationList section */
	};
	rootObject = AE01E9BA23A5BE7C00D79C2C /* Project object */;
}
